{
  "nodes": {
    "babble-cli": {
      "inputs": {
        "flake-utils": "flake-utils",
        "naersk": "naersk",
        "nixpkgs": [
          "nixpkgs-unstable"
        ],
        "rust-overlay": "rust-overlay"
      },
      "locked": {
        "lastModified": 1639804343,
        "narHash": "sha256-fDhMJk/ttobkuBCbaHhxCdz+l2A/rnVWOX9dgHGrU0Y=",
        "owner": "zmre",
        "repo": "babble-cli",
        "rev": "81a5fa92bbc830a861af870080a6ae77817f8d5f",
        "type": "github"
      },
      "original": {
        "owner": "zmre",
        "repo": "babble-cli",
        "type": "github"
      }
    },
    "brew-src": {
      "flake": false,
      "locked": {
        "lastModified": 1705326576,
        "narHash": "sha256-9PvMgHgdbpb5vBO8fHCRufodR731ynzGMF9+68vKWck=",
        "owner": "Homebrew",
        "repo": "brew",
        "rev": "1c612baa096c69f2fcb221c74e6f5b9979efdcee",
        "type": "github"
      },
      "original": {
        "owner": "Homebrew",
        "ref": "4.2.4",
        "repo": "brew",
        "type": "github"
      }
    },
    "catppuccin": {
      "flake": false,
      "locked": {
        "lastModified": 1709646581,
        "narHash": "sha256-arOnsTg+q14qMI24QrcA/ca3tU7qxhoenRksRk1xBtE=",
        "owner": "catppuccin",
        "repo": "nvim",
        "rev": "045e3499d9ec8d84635fb08877ae44fd33f6a38d",
        "type": "github"
      },
      "original": {
        "owner": "catppuccin",
        "repo": "nvim",
        "type": "github"
      }
    },
    "catppuccin_2": {
      "flake": false,
      "locked": {
        "lastModified": 1709646581,
        "narHash": "sha256-arOnsTg+q14qMI24QrcA/ca3tU7qxhoenRksRk1xBtE=",
        "owner": "catppuccin",
        "repo": "nvim",
        "rev": "045e3499d9ec8d84635fb08877ae44fd33f6a38d",
        "type": "github"
      },
      "original": {
        "owner": "catppuccin",
        "repo": "nvim",
        "type": "github"
      }
    },
    "clipboard-image": {
      "flake": false,
      "locked": {
        "lastModified": 1709144333,
        "narHash": "sha256-2fAbiFDr1h8w0Qf4bEWawUXmW7TlP/6UgoH7kCEmBKw=",
        "owner": "postfen",
        "repo": "clipboard-image.nvim",
        "rev": "216cde92787e40c160bfa22ab78fc4c510b8c875",
        "type": "github"
      },
      "original": {
        "owner": "postfen",
        "repo": "clipboard-image.nvim",
        "type": "github"
      }
    },
    "clipboard-image_2": {
      "flake": false,
      "locked": {
        "lastModified": 1709144333,
        "narHash": "sha256-2fAbiFDr1h8w0Qf4bEWawUXmW7TlP/6UgoH7kCEmBKw=",
        "owner": "postfen",
        "repo": "clipboard-image.nvim",
        "rev": "216cde92787e40c160bfa22ab78fc4c510b8c875",
        "type": "github"
      },
      "original": {
        "owner": "postfen",
        "repo": "clipboard-image.nvim",
        "type": "github"
      }
    },
    "conform-nvim": {
      "flake": false,
      "locked": {
        "lastModified": 1710784102,
        "narHash": "sha256-EhtPhQXw3MylKFSC8+FaEtaJcgwA/7HQdB7u4BKo6Zk=",
        "owner": "stevearc",
        "repo": "conform.nvim",
        "rev": "41586cbc81b8d344a795264989a3db79d0a27615",
        "type": "github"
      },
      "original": {
        "owner": "stevearc",
        "repo": "conform.nvim",
        "type": "github"
      }
    },
    "conform-nvim_2": {
      "flake": false,
      "locked": {
        "lastModified": 1710784102,
        "narHash": "sha256-EhtPhQXw3MylKFSC8+FaEtaJcgwA/7HQdB7u4BKo6Zk=",
        "owner": "stevearc",
        "repo": "conform.nvim",
        "rev": "41586cbc81b8d344a795264989a3db79d0a27615",
        "type": "github"
      },
      "original": {
        "owner": "stevearc",
        "repo": "conform.nvim",
        "type": "github"
      }
    },
    "darwin": {
      "inputs": {
        "nixpkgs": [
          "nixpkgs-unstable"
        ]
      },
      "locked": {
        "lastModified": 1710717205,
        "narHash": "sha256-Wf3gHh5uV6W1TV/A8X8QJf99a5ypDSugY4sNtdJDe0A=",
        "owner": "lnl7",
        "repo": "nix-darwin",
        "rev": "bcc8afd06e237df060c85bad6af7128e05fd61a3",
        "type": "github"
      },
      "original": {
        "owner": "lnl7",
        "repo": "nix-darwin",
        "type": "github"
      }
    },
    "devenv": {
      "inputs": {
        "flake-compat": "flake-compat",
        "nix": "nix",
        "nixpkgs": "nixpkgs_3",
        "pre-commit-hooks": "pre-commit-hooks"
      },
      "locked": {
        "lastModified": 1671716968,
        "narHash": "sha256-LThNtwAXH/0KVMgyTFBwl93ktuWpWTZhCh6NBlydBbQ=",
        "owner": "cachix",
        "repo": "devenv",
        "rev": "ba6818f4c39fd95aebdb6dc441401f2b60484652",
        "type": "github"
      },
      "original": {
        "owner": "cachix",
        "ref": "v0.5",
        "repo": "devenv",
        "type": "github"
      }
    },
    "enola": {
      "flake": false,
      "locked": {
        "lastModified": 1691214293,
        "narHash": "sha256-8yHJF7xrRmfDKmaZXQcnKMAuLRuCgUMqE3c2PahHqZc=",
        "owner": "TheYahya",
        "repo": "enola",
        "rev": "5b7dce27c7691645746503e4e1908c5eb6ac5645",
        "type": "github"
      },
      "original": {
        "owner": "TheYahya",
        "repo": "enola",
        "type": "github"
      }
    },
    "fenix": {
      "inputs": {
        "nixpkgs": [
          "nixpkgs-unstable"
        ],
        "rust-analyzer-src": "rust-analyzer-src"
      },
      "locked": {
        "lastModified": 1710829337,
        "narHash": "sha256-uDsDTHN7hlx1k9OCukv1DQ9LoTXiM6joTXNV+6LLY1E=",
        "owner": "nix-community",
        "repo": "fenix",
        "rev": "c3383b4ebf6191410babd6c11b4be5e295ec69b1",
        "type": "github"
      },
      "original": {
        "owner": "nix-community",
        "repo": "fenix",
        "type": "github"
      }
    },
    "fenix_2": {
      "inputs": {
        "nixpkgs": [
          "pwneovide",
          "pwnvim",
          "nixpkgs"
        ],
        "rust-analyzer-src": "rust-analyzer-src_2"
      },
      "locked": {
        "lastModified": 1710829337,
        "narHash": "sha256-uDsDTHN7hlx1k9OCukv1DQ9LoTXiM6joTXNV+6LLY1E=",
        "owner": "nix-community",
        "repo": "fenix",
        "rev": "c3383b4ebf6191410babd6c11b4be5e295ec69b1",
        "type": "github"
      },
      "original": {
        "owner": "nix-community",
        "repo": "fenix",
        "type": "github"
      }
    },
    "fenix_3": {
      "inputs": {
        "nixpkgs": [
          "pwnvim",
          "nixpkgs"
        ],
        "rust-analyzer-src": "rust-analyzer-src_3"
      },
      "locked": {
        "lastModified": 1710829337,
        "narHash": "sha256-uDsDTHN7hlx1k9OCukv1DQ9LoTXiM6joTXNV+6LLY1E=",
        "owner": "nix-community",
        "repo": "fenix",
        "rev": "c3383b4ebf6191410babd6c11b4be5e295ec69b1",
        "type": "github"
      },
      "original": {
        "owner": "nix-community",
        "repo": "fenix",
        "type": "github"
      }
    },
    "flake-compat": {
      "flake": false,
      "locked": {
        "lastModified": 1668681692,
        "narHash": "sha256-Ht91NGdewz8IQLtWZ9LCeNXMSXHUss+9COoqu6JLmXU=",
        "owner": "edolstra",
        "repo": "flake-compat",
        "rev": "009399224d5e398d03b22badca40a37ac85412a1",
        "type": "github"
      },
      "original": {
        "owner": "edolstra",
        "repo": "flake-compat",
        "type": "github"
      }
    },
    "flake-compat_2": {
      "flake": false,
      "locked": {
        "lastModified": 1687265871,
        "narHash": "sha256-P8AOiQk/XN8/ia4289hDHlTfWB70cRQ5pc9GRfmEdpc=",
        "owner": "inclyc",
        "repo": "flake-compat",
        "rev": "70e56389c58bbd300d11778913b255477ebbae22",
        "type": "github"
      },
      "original": {
        "owner": "inclyc",
        "repo": "flake-compat",
        "type": "github"
      }
    },
    "flake-compat_3": {
      "flake": false,
      "locked": {
        "lastModified": 1687265871,
        "narHash": "sha256-P8AOiQk/XN8/ia4289hDHlTfWB70cRQ5pc9GRfmEdpc=",
        "owner": "inclyc",
        "repo": "flake-compat",
        "rev": "70e56389c58bbd300d11778913b255477ebbae22",
        "type": "github"
      },
      "original": {
        "owner": "inclyc",
        "repo": "flake-compat",
        "type": "github"
      }
    },
    "flake-compat_4": {
      "flake": false,
      "locked": {
        "lastModified": 1687265871,
        "narHash": "sha256-P8AOiQk/XN8/ia4289hDHlTfWB70cRQ5pc9GRfmEdpc=",
        "owner": "inclyc",
        "repo": "flake-compat",
        "rev": "70e56389c58bbd300d11778913b255477ebbae22",
        "type": "github"
      },
      "original": {
        "owner": "inclyc",
        "repo": "flake-compat",
        "type": "github"
      }
    },
    "flake-compat_5": {
      "flake": false,
      "locked": {
        "lastModified": 1687265871,
        "narHash": "sha256-P8AOiQk/XN8/ia4289hDHlTfWB70cRQ5pc9GRfmEdpc=",
        "owner": "inclyc",
        "repo": "flake-compat",
        "rev": "70e56389c58bbd300d11778913b255477ebbae22",
        "type": "github"
      },
      "original": {
        "owner": "inclyc",
        "repo": "flake-compat",
        "type": "github"
      }
    },
    "flake-utils": {
      "locked": {
        "lastModified": 1638122382,
        "narHash": "sha256-sQzZzAbvKEqN9s0bzWuYmRaA03v40gaJ4+iL1LXjaeI=",
        "owner": "numtide",
        "repo": "flake-utils",
        "rev": "74f7e4319258e287b0f9cb95426c9853b282730b",
        "type": "github"
      },
      "original": {
        "owner": "numtide",
        "repo": "flake-utils",
        "type": "github"
      }
    },
    "flake-utils_10": {
      "inputs": {
        "systems": "systems_3"
      },
      "locked": {
        "lastModified": 1710146030,
        "narHash": "sha256-SZ5L6eA7HJ/nmkzGG7/ISclqe6oZdOZTNoesiInkXPQ=",
        "owner": "numtide",
        "repo": "flake-utils",
        "rev": "b1d9ab70662946ef0850d488da1c9019f3a9752a",
        "type": "github"
      },
      "original": {
        "owner": "numtide",
        "repo": "flake-utils",
        "type": "github"
      }
    },
    "flake-utils_11": {
      "inputs": {
        "systems": "systems_4"
      },
      "locked": {
        "lastModified": 1705309234,
        "narHash": "sha256-uNRRNRKmJyCRC/8y1RqBkqWBLM034y4qN7EprSdmgyA=",
        "owner": "numtide",
        "repo": "flake-utils",
        "rev": "1ef2e671c3b0c19053962c07dbda38332dcebf26",
        "type": "github"
      },
      "original": {
        "owner": "numtide",
        "repo": "flake-utils",
        "type": "github"
      }
    },
    "flake-utils_12": {
      "inputs": {
        "systems": "systems_5"
      },
      "locked": {
        "lastModified": 1710146030,
        "narHash": "sha256-SZ5L6eA7HJ/nmkzGG7/ISclqe6oZdOZTNoesiInkXPQ=",
        "owner": "numtide",
        "repo": "flake-utils",
        "rev": "b1d9ab70662946ef0850d488da1c9019f3a9752a",
        "type": "github"
      },
      "original": {
        "owner": "numtide",
        "repo": "flake-utils",
        "type": "github"
      }
    },
    "flake-utils_2": {
      "locked": {
        "lastModified": 1637014545,
        "narHash": "sha256-26IZAc5yzlD9FlDT54io1oqG/bBoyka+FJk5guaX4x4=",
        "owner": "numtide",
        "repo": "flake-utils",
        "rev": "bba5dcc8e0b20ab664967ad83d24d64cb64ec4f4",
        "type": "github"
      },
      "original": {
        "owner": "numtide",
        "repo": "flake-utils",
        "type": "github"
      }
    },
    "flake-utils_3": {
      "locked": {
        "lastModified": 1667395993,
        "narHash": "sha256-nuEHfE/LcWyuSWnS8t12N1wc105Qtau+/OdUAjtQ0rA=",
        "owner": "numtide",
        "repo": "flake-utils",
        "rev": "5aed5285a952e0b949eb3ba02c12fa4fcfef535f",
        "type": "github"
      },
      "original": {
        "owner": "numtide",
        "repo": "flake-utils",
        "type": "github"
      }
    },
    "flake-utils_4": {
      "locked": {
        "lastModified": 1642700792,
        "narHash": "sha256-XqHrk7hFb+zBvRg6Ghl+AZDq03ov6OshJLiSWOoX5es=",
        "owner": "numtide",
        "repo": "flake-utils",
        "rev": "846b2ae0fc4cc943637d3d1def4454213e203cba",
        "type": "github"
      },
      "original": {
        "owner": "numtide",
        "repo": "flake-utils",
        "type": "github"
      }
    },
    "flake-utils_5": {
      "locked": {
        "lastModified": 1659877975,
        "narHash": "sha256-zllb8aq3YO3h8B/U0/J1WBgAL8EX5yWf5pMj3G0NAmc=",
        "owner": "numtide",
        "repo": "flake-utils",
        "rev": "c0e246b9b83f637f4681389ecabcb2681b4f3af0",
        "type": "github"
      },
      "original": {
        "owner": "numtide",
        "repo": "flake-utils",
        "type": "github"
      }
    },
    "flake-utils_6": {
      "locked": {
        "lastModified": 1659877975,
        "narHash": "sha256-zllb8aq3YO3h8B/U0/J1WBgAL8EX5yWf5pMj3G0NAmc=",
        "owner": "numtide",
        "repo": "flake-utils",
        "rev": "c0e246b9b83f637f4681389ecabcb2681b4f3af0",
        "type": "github"
      },
      "original": {
        "owner": "numtide",
        "repo": "flake-utils",
        "type": "github"
      }
    },
    "flake-utils_7": {
      "inputs": {
        "systems": "systems"
      },
      "locked": {
        "lastModified": 1687709756,
        "narHash": "sha256-Y5wKlQSkgEK2weWdOu4J3riRd+kV/VCgHsqLNTTWQ/0=",
        "owner": "numtide",
        "repo": "flake-utils",
        "rev": "dbabf0ca0c0c4bce6ea5eaf65af5cb694d2082c7",
        "type": "github"
      },
      "original": {
        "owner": "numtide",
        "repo": "flake-utils",
        "type": "github"
      }
    },
    "flake-utils_8": {
      "locked": {
        "lastModified": 1667395993,
        "narHash": "sha256-nuEHfE/LcWyuSWnS8t12N1wc105Qtau+/OdUAjtQ0rA=",
        "owner": "numtide",
        "repo": "flake-utils",
        "rev": "5aed5285a952e0b949eb3ba02c12fa4fcfef535f",
        "type": "github"
      },
      "original": {
        "owner": "numtide",
        "repo": "flake-utils",
        "type": "github"
      }
    },
    "flake-utils_9": {
      "inputs": {
        "systems": "systems_2"
      },
      "locked": {
        "lastModified": 1710146030,
        "narHash": "sha256-SZ5L6eA7HJ/nmkzGG7/ISclqe6oZdOZTNoesiInkXPQ=",
        "owner": "numtide",
        "repo": "flake-utils",
        "rev": "b1d9ab70662946ef0850d488da1c9019f3a9752a",
        "type": "github"
      },
      "original": {
        "owner": "numtide",
        "repo": "flake-utils",
        "type": "github"
      }
    },
    "gitignore": {
      "inputs": {
        "nixpkgs": [
          "devenv",
          "pre-commit-hooks",
          "nixpkgs"
        ]
      },
      "locked": {
        "lastModified": 1660459072,
        "narHash": "sha256-8DFJjXG8zqoONA1vXtgeKXy68KdJL5UaXR8NtVMUbx8=",
        "owner": "hercules-ci",
        "repo": "gitignore.nix",
        "rev": "a20de23b925fd8264fd7fad6454652e142fd7f73",
        "type": "github"
      },
      "original": {
        "owner": "hercules-ci",
        "repo": "gitignore.nix",
        "type": "github"
      }
    },
    "gtm-okr": {
      "inputs": {
        "flake-utils": "flake-utils_4",
        "nixpkgs": [
          "nixpkgs-unstable"
        ]
      },
      "locked": {
        "lastModified": 1644027861,
        "narHash": "sha256-89AR3nKYZ7vr81tB3AtjZY7ZkHHSJfGr6JoWrMS+rRI=",
        "owner": "zmre",
        "repo": "gtm-okr",
        "rev": "af455a22e56eb2642ff4cbc3e5c3bdd0e84c8ed8",
        "type": "github"
      },
      "original": {
        "owner": "zmre",
        "repo": "gtm-okr",
        "type": "github"
      }
    },
    "hackernews-tui": {
      "flake": false,
      "locked": {
        "lastModified": 1707697596,
        "narHash": "sha256-7IzbFVPaeoMeVrZ+TDjrj2z5vl7cW8f5lKW1FggUKLU=",
        "owner": "aome510",
        "repo": "hackernews-TUI",
        "rev": "2735fcea1b6580bc84137dc502412e61751715ac",
        "type": "github"
      },
      "original": {
        "owner": "aome510",
        "repo": "hackernews-TUI",
        "type": "github"
      }
    },
    "home-manager": {
      "inputs": {
        "nixpkgs": [
          "nixpkgs-unstable"
        ]
      },
      "locked": {
        "lastModified": 1710820906,
        "narHash": "sha256-2bNMraoRB4pdw/HtxgYTFeMhEekBZeQ53/a8xkqpbZc=",
        "owner": "nix-community",
        "repo": "home-manager",
        "rev": "022464438a85450abb23d93b91aa82e0addd71fb",
        "type": "github"
      },
      "original": {
        "owner": "nix-community",
        "ref": "master",
        "repo": "home-manager",
        "type": "github"
      }
    },
    "homebrew-bundle": {
      "flake": false,
      "locked": {
        "lastModified": 1710458677,
        "narHash": "sha256-m8JAD5OwtXS7Et4Zq1ElHnBxt+gk4yWMCkiOk8VvrGE=",
        "owner": "homebrew",
        "repo": "homebrew-bundle",
        "rev": "faf12b3096f5e05aba220c380cfff6a223572917",
        "type": "github"
      },
      "original": {
        "owner": "homebrew",
        "repo": "homebrew-bundle",
        "type": "github"
      }
    },
    "homebrew-cask": {
      "flake": false,
      "locked": {
        "lastModified": 1710863694,
        "narHash": "sha256-Vk2WgpFzp6HomD0d6lKGsm6uJcnHhkULNr0uAzKpSDM=",
        "owner": "homebrew",
        "repo": "homebrew-cask",
        "rev": "ce7297d941e0e9a401bc189d4577f2e6fabff643",
        "type": "github"
      },
      "original": {
        "owner": "homebrew",
        "repo": "homebrew-cask",
        "type": "github"
      }
    },
    "homebrew-cask-drivers": {
      "flake": false,
      "locked": {
        "lastModified": 1700669263,
        "narHash": "sha256-1sMuP+CUp9ViQu8tXHjzK/Ilr/HBaUzEI4qOFydBvPM=",
        "owner": "homebrew",
        "repo": "homebrew-cask-drivers",
        "rev": "f062033b264109fcdde69596d34036fe1a9e227d",
        "type": "github"
      },
      "original": {
        "owner": "homebrew",
        "repo": "homebrew-cask-drivers",
        "type": "github"
      }
    },
    "homebrew-core": {
      "flake": false,
      "locked": {
        "lastModified": 1710867985,
        "narHash": "sha256-g0qg8Z4WM8F4x7p+yK03IozR2fe0sFkyGuigr5TdsrY=",
        "owner": "homebrew",
        "repo": "homebrew-core",
        "rev": "088b4c2ddf64c0aea8e38a2bfe54c6d4e40afbd3",
        "type": "github"
      },
      "original": {
        "owner": "homebrew",
        "repo": "homebrew-core",
        "type": "github"
      }
    },
    "homebrew-services": {
      "flake": false,
      "locked": {
        "lastModified": 1710404739,
        "narHash": "sha256-fsUfmTxuVMaufdOKCzfAu1w8xgkUZgk2hFgrY1UgpEY=",
        "owner": "homebrew",
        "repo": "homebrew-services",
        "rev": "89ba81ef193cb4d623b0b1385bdefa4460f1e97a",
        "type": "github"
      },
      "original": {
        "owner": "homebrew",
        "repo": "homebrew-services",
        "type": "github"
      }
    },
    "ironhide": {
      "inputs": {
        "flake-utils": "flake-utils_5",
        "nixpkgs": "nixpkgs_4",
        "rust-overlay": "rust-overlay_2"
      },
      "locked": {
        "lastModified": 1671038542,
        "narHash": "sha256-XOjLtmoLe/Bcgu7V3keCscM0fseQVBitFywF5/0uSTU=",
        "owner": "IronCoreLabs",
        "repo": "ironhide",
        "rev": "ceee606ee6f529e3c6079f60dbf9b177d5f45dc4",
        "type": "github"
      },
      "original": {
        "owner": "IronCoreLabs",
        "ref": "1.0.5",
        "repo": "ironhide",
        "type": "github"
      }
    },
    "kubernetes-yaml-formatter": {
      "flake": false,
      "locked": {
        "lastModified": 1666200006,
        "narHash": "sha256-1GjrsI13hWNV/KJhLko4Pcnl+QFSHF1YcbG6N/Qa3ZU=",
        "owner": "longkai",
        "repo": "kubernetes-yaml-formatter",
        "rev": "d070038f4df6080b9968808776b10c2adaf37550",
        "type": "github"
      },
      "original": {
        "owner": "longkai",
        "ref": "v1.1.0",
        "repo": "kubernetes-yaml-formatter",
        "type": "github"
      }
    },
    "lowdown-src": {
      "flake": false,
      "locked": {
        "lastModified": 1633514407,
        "narHash": "sha256-Dw32tiMjdK9t3ETl5fzGrutQTzh2rufgZV4A/BbxuD4=",
        "owner": "kristapsdz",
        "repo": "lowdown",
        "rev": "d2c2b44ff6c27b936ec27358a2653caaef8f73b8",
        "type": "github"
      },
      "original": {
        "owner": "kristapsdz",
        "repo": "lowdown",
        "type": "github"
      }
    },
    "mkalias": {
      "inputs": {
        "nixpkgs": [
          "nixpkgs-unstable"
        ]
      },
      "locked": {
        "lastModified": 1678761502,
        "narHash": "sha256-tL3C/b2BPOGQpV287wECDCDWmKwwPvezAAN3qz7N07M=",
        "owner": "reckenrode",
        "repo": "mkalias",
        "rev": "8a5478cdb646f137ebc53cb9d235f8e5892ea00a",
        "type": "github"
      },
      "original": {
        "owner": "reckenrode",
        "repo": "mkalias",
        "type": "github"
      }
    },
    "naersk": {
      "inputs": {
        "nixpkgs": "nixpkgs"
      },
      "locked": {
        "lastModified": 1639731602,
        "narHash": "sha256-5u/J/7KrY/fYL/OeBLxP4E9NdNdQrriHpOyPBleKp5I=",
        "owner": "nix-community",
        "repo": "naersk",
        "rev": "5415c7045366bb53db1a33cf7d975942b5553a28",
        "type": "github"
      },
      "original": {
        "owner": "nix-community",
        "repo": "naersk",
        "type": "github"
      }
    },
    "nix": {
      "inputs": {
        "lowdown-src": "lowdown-src",
        "nixpkgs": [
          "devenv",
          "nixpkgs"
        ],
        "nixpkgs-regression": "nixpkgs-regression"
      },
      "locked": {
        "lastModified": 1671638174,
        "narHash": "sha256-FeEmVix8l/HglWtRgeHOfjqEm2etvp+MLYd1C/raq3Y=",
        "owner": "domenkozar",
        "repo": "nix",
        "rev": "51b770e985f9e1b84fb5e03a983ef1e19f18c3e9",
        "type": "github"
      },
      "original": {
        "owner": "domenkozar",
        "ref": "relaxed-flakes",
        "repo": "nix",
        "type": "github"
      }
    },
    "nix-homebrew": {
      "inputs": {
        "brew-src": "brew-src",
        "flake-utils": "flake-utils_7",
        "nix-darwin": [
          "darwin"
        ],
        "nixpkgs": [
          "nixpkgs"
        ]
      },
      "locked": {
        "lastModified": 1705952034,
        "narHash": "sha256-H0nk8Gk8kPw4yi2WwOTsSHgPrzSwyNgWEYHk10IJwfc=",
        "owner": "zhaofengli-wip",
        "repo": "nix-homebrew",
        "rev": "40f5ee46b58e7c5f1927e2c5a583dc3d7e571ed9",
        "type": "github"
      },
      "original": {
        "owner": "zhaofengli-wip",
        "repo": "nix-homebrew",
        "type": "github"
      }
    },
    "nixos-hardware": {
      "locked": {
        "lastModified": 1710783728,
        "narHash": "sha256-eIsfu3c9JUBgm3cURSKTXLEI9Dlk1azo+MWKZVqrmkc=",
        "owner": "NixOS",
        "repo": "nixos-hardware",
        "rev": "1e679b9a9970780cd5d4dfe755a74a8f96d33388",
        "type": "github"
      },
      "original": {
        "owner": "NixOS",
        "ref": "master",
        "repo": "nixos-hardware",
        "type": "github"
      }
    },
    "nixpkgs": {
      "locked": {
        "lastModified": 1639713555,
        "narHash": "sha256-w1TacWjnqhC19n+rheyOif3JxwvWMbyxfgqYCY0FLdQ=",
        "owner": "NixOS",
        "repo": "nixpkgs",
        "rev": "45a3f9d7725c7e21b252c223676cc56fb2ed5d6d",
        "type": "github"
      },
      "original": {
        "id": "nixpkgs",
        "type": "indirect"
      }
    },
    "nixpkgs-regression": {
      "locked": {
        "lastModified": 1643052045,
        "narHash": "sha256-uGJ0VXIhWKGXxkeNnq4TvV3CIOkUJ3PAoLZ3HMzNVMw=",
        "owner": "NixOS",
        "repo": "nixpkgs",
        "rev": "215d4d0fd80ca5163643b03a33fde804a29cc1e2",
        "type": "github"
      },
      "original": {
        "owner": "NixOS",
        "repo": "nixpkgs",
        "rev": "215d4d0fd80ca5163643b03a33fde804a29cc1e2",
        "type": "github"
      }
    },
    "nixpkgs-stable": {
      "locked": {
        "lastModified": 1671271954,
        "narHash": "sha256-cSvu+bnvN08sOlTBWbBrKaBHQZq8mvk8bgpt0ZJ2Snc=",
        "owner": "NixOS",
        "repo": "nixpkgs",
        "rev": "d513b448cc2a6da2c8803e3c197c9fc7e67b19e3",
        "type": "github"
      },
      "original": {
        "owner": "NixOS",
        "ref": "nixos-22.05",
        "repo": "nixpkgs",
        "type": "github"
      }
    },
    "nixpkgs-stable_2": {
      "locked": {
        "lastModified": 1710695816,
        "narHash": "sha256-3Eh7fhEID17pv9ZxrPwCLfqXnYP006RKzSs0JptsN84=",
        "owner": "nixos",
        "repo": "nixpkgs",
        "rev": "614b4613980a522ba49f0d194531beddbb7220d3",
        "type": "github"
      },
      "original": {
        "owner": "nixos",
        "ref": "nixos-23.11",
        "repo": "nixpkgs",
        "type": "github"
      }
    },
    "nixpkgs-unstable": {
      "locked": {
        "lastModified": 1710806803,
        "narHash": "sha256-qrxvLS888pNJFwJdK+hf1wpRCSQcqA6W5+Ox202NDa0=",
        "owner": "nixos",
        "repo": "nixpkgs",
        "rev": "b06025f1533a1e07b6db3e75151caa155d1c7eb3",
        "type": "github"
      },
      "original": {
        "owner": "nixos",
        "ref": "nixos-unstable",
        "repo": "nixpkgs",
        "type": "github"
      }
    },
    "nixpkgs_2": {
      "locked": {
        "lastModified": 1637453606,
        "narHash": "sha256-Gy6cwUswft9xqsjWxFYEnx/63/qzaFUwatcbV5GF/GQ=",
        "owner": "NixOS",
        "repo": "nixpkgs",
        "rev": "8afc4e543663ca0a6a4f496262cd05233737e732",
        "type": "github"
      },
      "original": {
        "owner": "NixOS",
        "ref": "nixpkgs-unstable",
        "repo": "nixpkgs",
        "type": "github"
      }
    },
    "nixpkgs_3": {
      "locked": {
        "lastModified": 1671458120,
        "narHash": "sha256-2+k/OONN4OF21TeoNjKB5sXVZv6Zvm/uEyQIW9OYCg8=",
        "owner": "NixOS",
        "repo": "nixpkgs",
        "rev": "e37ef84b478fa8da0ced96522adfd956fde9047a",
        "type": "github"
      },
      "original": {
        "owner": "NixOS",
        "ref": "nixpkgs-unstable",
        "repo": "nixpkgs",
        "type": "github"
      }
    },
    "nixpkgs_4": {
      "locked": {
        "lastModified": 1666792786,
        "narHash": "sha256-uG81j5Axyps2IjedvlmRbWhCCUXOAI4wNpH3O0dVG0s=",
        "owner": "nixos",
        "repo": "nixpkgs",
        "rev": "5bdb380ee7fa036d47b19e9d854928f4881c50a1",
        "type": "github"
      },
      "original": {
        "owner": "nixos",
        "ref": "nixos-unstable",
        "repo": "nixpkgs",
        "type": "github"
      }
    },
    "nixpkgs_5": {
      "locked": {
        "lastModified": 1665296151,
        "narHash": "sha256-uOB0oxqxN9K7XGF1hcnY+PQnlQJ+3bP2vCn/+Ru/bbc=",
        "owner": "NixOS",
        "repo": "nixpkgs",
        "rev": "14ccaaedd95a488dd7ae142757884d8e125b3363",
        "type": "github"
      },
      "original": {
        "owner": "NixOS",
        "ref": "nixpkgs-unstable",
        "repo": "nixpkgs",
        "type": "github"
      }
    },
    "nixpkgs_6": {
      "locked": {
        "lastModified": 1710806803,
        "narHash": "sha256-qrxvLS888pNJFwJdK+hf1wpRCSQcqA6W5+Ox202NDa0=",
        "owner": "nixos",
        "repo": "nixpkgs",
        "rev": "b06025f1533a1e07b6db3e75151caa155d1c7eb3",
        "type": "github"
      },
      "original": {
        "owner": "nixos",
        "ref": "nixos-unstable",
        "repo": "nixpkgs",
        "type": "github"
      }
    },
    "nixpkgs_7": {
      "locked": {
        "lastModified": 1710827359,
        "narHash": "sha256-/KY8hffTh9SN/tTcDn/FrEiYwTXnU8NKnr4D7/stmmA=",
        "owner": "nixos",
        "repo": "nixpkgs",
        "rev": "5710127d9693421e78cca4f74fac2db6d67162b1",
        "type": "github"
      },
      "original": {
        "owner": "nixos",
        "ref": "nixpkgs-unstable",
        "repo": "nixpkgs",
        "type": "github"
      }
    },
    "nixpkgs_8": {
      "locked": {
        "lastModified": 1710827359,
        "narHash": "sha256-/KY8hffTh9SN/tTcDn/FrEiYwTXnU8NKnr4D7/stmmA=",
        "owner": "nixos",
        "repo": "nixpkgs",
        "rev": "5710127d9693421e78cca4f74fac2db6d67162b1",
        "type": "github"
      },
      "original": {
        "owner": "nixos",
        "ref": "nixpkgs-unstable",
        "repo": "nixpkgs",
        "type": "github"
      }
    },
    "nixpkgs_9": {
      "locked": {
        "lastModified": 1710827359,
        "narHash": "sha256-/KY8hffTh9SN/tTcDn/FrEiYwTXnU8NKnr4D7/stmmA=",
        "owner": "NixOS",
        "repo": "nixpkgs",
        "rev": "5710127d9693421e78cca4f74fac2db6d67162b1",
        "type": "github"
      },
      "original": {
        "id": "nixpkgs",
        "type": "indirect"
      }
    },
    "nps": {
      "inputs": {
        "flake-utils": "flake-utils_8",
        "nixpkgs": [
          "nixpkgs"
        ]
      },
      "locked": {
        "lastModified": 1673182603,
        "narHash": "sha256-h4JnEk0fzcpYJ3x7C0HrwjUm6itiTXb8r7lpPEPj9AM=",
        "owner": "OleMussmann",
        "repo": "Nix-Package-Search",
        "rev": "afda50c9c7b81789e89a096037dcfec2eddbf48a",
        "type": "github"
      },
      "original": {
        "owner": "OleMussmann",
        "repo": "Nix-Package-Search",
        "type": "github"
      }
    },
    "nur": {
      "locked": {
        "lastModified": 1710866717,
        "narHash": "sha256-bbEQ1Q8yzrnFhOhXjgCBzabClEbXvqGglSjZAIiMDzs=",
        "owner": "nix-community",
        "repo": "NUR",
        "rev": "e077a3a5979b888f33508b861feed0a2e7f3a859",
        "type": "github"
      },
      "original": {
        "owner": "nix-community",
        "repo": "NUR",
        "type": "github"
      }
    },
    "onedarkpro": {
      "flake": false,
      "locked": {
        "lastModified": 1710356575,
        "narHash": "sha256-XjeMDSWlV17v9X/VHdUa3WMsL7DcMEfZCIKR+glffxY=",
        "owner": "olimorris",
        "repo": "onedarkpro.nvim",
        "rev": "e4fc3641aa3b52e30496bf34b87f70ef5506686e",
        "type": "github"
      },
      "original": {
        "owner": "olimorris",
        "repo": "onedarkpro.nvim",
        "type": "github"
      }
    },
    "onedarkpro_2": {
      "flake": false,
      "locked": {
        "lastModified": 1710356575,
        "narHash": "sha256-XjeMDSWlV17v9X/VHdUa3WMsL7DcMEfZCIKR+glffxY=",
        "owner": "olimorris",
        "repo": "onedarkpro.nvim",
        "rev": "e4fc3641aa3b52e30496bf34b87f70ef5506686e",
        "type": "github"
      },
      "original": {
        "owner": "olimorris",
        "repo": "onedarkpro.nvim",
        "type": "github"
      }
    },
    "pre-commit-hooks": {
      "inputs": {
        "flake-compat": [
          "devenv",
          "flake-compat"
        ],
        "flake-utils": "flake-utils_3",
        "gitignore": "gitignore",
        "nixpkgs": [
          "devenv",
          "nixpkgs"
        ],
        "nixpkgs-stable": "nixpkgs-stable"
      },
      "locked": {
        "lastModified": 1671452357,
        "narHash": "sha256-HqzXiQEegpRQ4VEl9pEPgHSIxhJrNJ27HfN1wOc7w2E=",
        "owner": "cachix",
        "repo": "pre-commit-hooks.nix",
        "rev": "200790e9c77064c53eaf95805b013d96615ecc27",
        "type": "github"
      },
      "original": {
        "owner": "cachix",
        "repo": "pre-commit-hooks.nix",
        "type": "github"
      }
    },
    "pwneovide": {
      "inputs": {
        "flake-compat": "flake-compat_3",
        "flake-utils": "flake-utils_9",
        "nixpkgs": "nixpkgs_7",
        "pwnvim": "pwnvim",
        "rust-overlay": "rust-overlay_3"
      },
      "locked": {
        "lastModified": 1710863339,
        "narHash": "sha256-t6uyWI9Jihh+N/NJi4HNXIo5W93Q5djQ4WF2vBRHmmU=",
        "owner": "zmre",
        "repo": "pwneovide",
        "rev": "0dcfdac589076e2c9f5ecaf32604a142d9010e39",
        "type": "github"
      },
      "original": {
        "owner": "zmre",
        "repo": "pwneovide",
        "type": "github"
      }
    },
    "pwnvim": {
      "inputs": {
        "catppuccin": "catppuccin",
        "clipboard-image": "clipboard-image",
        "conform-nvim": "conform-nvim",
        "fenix": "fenix_2",
        "flake-compat": "flake-compat_4",
        "flake-utils": "flake-utils_10",
        "nixpkgs": [
          "pwneovide",
          "nixpkgs"
        ],
        "onedarkpro": "onedarkpro",
        "vscode-langservers-custom": "vscode-langservers-custom"
      },
      "locked": {
        "lastModified": 1710863226,
        "narHash": "sha256-QtxhaoRSG8KCj4+wXn8Voss/mapVojmP5PNf6llYNTo=",
        "owner": "zmre",
        "repo": "pwnvim",
        "rev": "257d9d5a1dda15d3fe89fb6a1bcb2768097fe0bc",
        "type": "github"
      },
      "original": {
        "owner": "zmre",
        "repo": "pwnvim",
        "type": "github"
      }
    },
    "pwnvim_2": {
      "inputs": {
        "catppuccin": "catppuccin_2",
        "clipboard-image": "clipboard-image_2",
        "conform-nvim": "conform-nvim_2",
        "fenix": "fenix_3",
        "flake-compat": "flake-compat_5",
        "flake-utils": "flake-utils_12",
        "nixpkgs": "nixpkgs_8",
        "onedarkpro": "onedarkpro_2",
        "vscode-langservers-custom": "vscode-langservers-custom_2"
      },
      "locked": {
        "lastModified": 1710863226,
        "narHash": "sha256-QtxhaoRSG8KCj4+wXn8Voss/mapVojmP5PNf6llYNTo=",
        "owner": "zmre",
        "repo": "pwnvim",
        "rev": "257d9d5a1dda15d3fe89fb6a1bcb2768097fe0bc",
        "type": "github"
      },
      "original": {
        "owner": "zmre",
        "repo": "pwnvim",
        "type": "github"
      }
    },
    "root": {
      "inputs": {
        "babble-cli": "babble-cli",
        "darwin": "darwin",
        "devenv": "devenv",
        "enola": "enola",
        "fenix": "fenix",
        "flake-compat": "flake-compat_2",
        "gtm-okr": "gtm-okr",
        "hackernews-tui": "hackernews-tui",
        "home-manager": "home-manager",
        "homebrew-bundle": "homebrew-bundle",
        "homebrew-cask": "homebrew-cask",
        "homebrew-cask-drivers": "homebrew-cask-drivers",
        "homebrew-core": "homebrew-core",
        "homebrew-services": "homebrew-services",
        "ironhide": "ironhide",
        "kubernetes-yaml-formatter": "kubernetes-yaml-formatter",
        "mkalias": "mkalias",
        "nix-homebrew": "nix-homebrew",
        "nixos-hardware": "nixos-hardware",
        "nixpkgs": "nixpkgs_6",
        "nixpkgs-stable": "nixpkgs-stable_2",
        "nixpkgs-unstable": "nixpkgs-unstable",
        "nps": "nps",
        "nur": "nur",
        "pwneovide": "pwneovide",
        "pwnvim": "pwnvim_2",
        "sbhosts": "sbhosts"
      }
    },
    "rust-analyzer-src": {
      "flake": false,
      "locked": {
        "lastModified": 1710800801,
        "narHash": "sha256-MYfxHeKLAhgwgha88ON0SkpNmydpg3Ib93Qny6RQZao=",
        "owner": "rust-lang",
        "repo": "rust-analyzer",
        "rev": "4de0204d58125392aa14d4f224b29f3c54a274e5",
        "type": "github"
      },
      "original": {
        "owner": "rust-lang",
        "ref": "nightly",
        "repo": "rust-analyzer",
        "type": "github"
      }
    },
    "rust-analyzer-src_2": {
      "flake": false,
      "locked": {
        "lastModified": 1710800801,
        "narHash": "sha256-MYfxHeKLAhgwgha88ON0SkpNmydpg3Ib93Qny6RQZao=",
        "owner": "rust-lang",
        "repo": "rust-analyzer",
        "rev": "4de0204d58125392aa14d4f224b29f3c54a274e5",
        "type": "github"
      },
      "original": {
        "owner": "rust-lang",
        "ref": "nightly",
        "repo": "rust-analyzer",
        "type": "github"
      }
    },
    "rust-analyzer-src_3": {
      "flake": false,
      "locked": {
        "lastModified": 1710800801,
        "narHash": "sha256-MYfxHeKLAhgwgha88ON0SkpNmydpg3Ib93Qny6RQZao=",
        "owner": "rust-lang",
        "repo": "rust-analyzer",
        "rev": "4de0204d58125392aa14d4f224b29f3c54a274e5",
        "type": "github"
      },
      "original": {
        "owner": "rust-lang",
        "ref": "nightly",
        "repo": "rust-analyzer",
        "type": "github"
      }
    },
    "rust-overlay": {
      "inputs": {
        "flake-utils": "flake-utils_2",
        "nixpkgs": "nixpkgs_2"
      },
      "locked": {
        "lastModified": 1639793998,
        "narHash": "sha256-Ww65g8/DqGkBZEiPMLRoI0oDJ7EvYbqzCMoPkIDSz+E=",
        "owner": "oxalica",
        "repo": "rust-overlay",
        "rev": "739c6206ed1a63440c8e23e1df7d8a3714ae4939",
        "type": "github"
      },
      "original": {
        "owner": "oxalica",
        "repo": "rust-overlay",
        "type": "github"
      }
    },
    "rust-overlay_2": {
      "inputs": {
        "flake-utils": "flake-utils_6",
        "nixpkgs": "nixpkgs_5"
      },
      "locked": {
        "lastModified": 1666839029,
        "narHash": "sha256-gmSmf3bDS9oR4OHsvKHEErqje228XXP22uKIQWZj4Jo=",
        "owner": "oxalica",
        "repo": "rust-overlay",
        "rev": "c095030cf6c84e304f867ad066d8d5b051131af5",
        "type": "github"
      },
      "original": {
        "owner": "oxalica",
        "repo": "rust-overlay",
        "type": "github"
      }
    },
    "rust-overlay_3": {
      "inputs": {
        "flake-utils": "flake-utils_11",
        "nixpkgs": [
          "pwneovide",
          "nixpkgs"
        ]
      },
      "locked": {
        "lastModified": 1710814282,
        "narHash": "sha256-nWaKhMQackiO0M8504HSx/E7I76C2r0/g4wqZf4hp24=",
        "owner": "oxalica",
        "repo": "rust-overlay",
        "rev": "8c72f33c23c8e537dd59088c4560222c43eedaca",
        "type": "github"
      },
      "original": {
        "owner": "oxalica",
        "repo": "rust-overlay",
        "type": "github"
      }
    },
    "sbhosts": {
      "inputs": {
        "nixpkgs": "nixpkgs_9"
      },
      "locked": {
        "lastModified": 1710691326,
        "narHash": "sha256-O/aUJ5/uR25cF6fMYZf3jiG3FbUyG+fY89jcWnnYDH4=",
        "owner": "StevenBlack",
        "repo": "hosts",
        "rev": "14b698abcd97446bae349292aacc9ecb4feb2db5",
        "type": "github"
      },
      "original": {
        "owner": "StevenBlack",
        "repo": "hosts",
        "type": "github"
      }
    },
    "systems": {
      "locked": {
        "lastModified": 1681028828,
        "narHash": "sha256-Vy1rq5AaRuLzOxct8nz4T6wlgyUR7zLU309k9mBC768=",
        "owner": "nix-systems",
        "repo": "default",
        "rev": "da67096a3b9bf56a91d16901293e51ba5b49a27e",
        "type": "github"
      },
      "original": {
        "owner": "nix-systems",
        "repo": "default",
        "type": "github"
      }
    },
    "systems_2": {
      "locked": {
        "lastModified": 1681028828,
        "narHash": "sha256-Vy1rq5AaRuLzOxct8nz4T6wlgyUR7zLU309k9mBC768=",
        "owner": "nix-systems",
        "repo": "default",
        "rev": "da67096a3b9bf56a91d16901293e51ba5b49a27e",
        "type": "github"
      },
      "original": {
        "owner": "nix-systems",
        "repo": "default",
        "type": "github"
      }
    },
    "systems_3": {
      "locked": {
        "lastModified": 1681028828,
        "narHash": "sha256-Vy1rq5AaRuLzOxct8nz4T6wlgyUR7zLU309k9mBC768=",
        "owner": "nix-systems",
        "repo": "default",
        "rev": "da67096a3b9bf56a91d16901293e51ba5b49a27e",
        "type": "github"
      },
      "original": {
        "owner": "nix-systems",
        "repo": "default",
        "type": "github"
      }
    },
    "systems_4": {
      "locked": {
        "lastModified": 1681028828,
        "narHash": "sha256-Vy1rq5AaRuLzOxct8nz4T6wlgyUR7zLU309k9mBC768=",
        "owner": "nix-systems",
        "repo": "default",
        "rev": "da67096a3b9bf56a91d16901293e51ba5b49a27e",
        "type": "github"
      },
      "original": {
        "owner": "nix-systems",
        "repo": "default",
        "type": "github"
      }
    },
    "systems_5": {
      "locked": {
        "lastModified": 1681028828,
        "narHash": "sha256-Vy1rq5AaRuLzOxct8nz4T6wlgyUR7zLU309k9mBC768=",
        "owner": "nix-systems",
        "repo": "default",
        "rev": "da67096a3b9bf56a91d16901293e51ba5b49a27e",
        "type": "github"
      },
      "original": {
        "owner": "nix-systems",
        "repo": "default",
        "type": "github"
      }
    },
    "vscode-langservers-custom": {
      "flake": false,
      "locked": {
        "lastModified": 1697905592,
        "narHash": "sha256-sGnxmEQ0J74zNbhRpsgF/cYoXwn4jh9yBVjk6UiUdK0=",
        "owner": "hrsh7th",
        "repo": "vscode-langservers-extracted",
        "rev": "fc325a94765910bd8ee684bf57f33cfdd0173346",
        "type": "github"
      },
      "original": {
        "owner": "hrsh7th",
        "ref": "v4.8.0",
        "repo": "vscode-langservers-extracted",
        "type": "github"
      }
    },
    "vscode-langservers-custom_2": {
      "flake": false,
      "locked": {
        "lastModified": 1697905592,
        "narHash": "sha256-sGnxmEQ0J74zNbhRpsgF/cYoXwn4jh9yBVjk6UiUdK0=",
        "owner": "hrsh7th",
        "repo": "vscode-langservers-extracted",
        "rev": "fc325a94765910bd8ee684bf57f33cfdd0173346",
        "type": "github"
      },
      "original": {
        "owner": "hrsh7th",
        "ref": "v4.8.0",
        "repo": "vscode-langservers-extracted",
        "type": "github"
      }
    }
  },
  "root": "root",
  "version": 7
}
