{
  "nodes": {
    "babble-cli": {
      "inputs": {
        "flake-utils": "flake-utils",
        "naersk": "naersk",
        "nixpkgs": [
          "nixpkgs-unstable"
        ],
        "rust-overlay": "rust-overlay"
      },
      "locked": {
        "lastModified": 1639804343,
        "narHash": "sha256-fDhMJk/ttobkuBCbaHhxCdz+l2A/rnVWOX9dgHGrU0Y=",
        "owner": "zmre",
        "repo": "babble-cli",
        "rev": "81a5fa92bbc830a861af870080a6ae77817f8d5f",
        "type": "github"
      },
      "original": {
        "owner": "zmre",
        "repo": "babble-cli",
        "type": "github"
      }
    },
    "clipboard-image": {
      "flake": false,
      "locked": {
        "lastModified": 1668050116,
        "narHash": "sha256-iXrDb3pSB1NZmvLpSEWwvxOoqyNfR+uXpU9azXQeAVM=",
        "owner": "ekickx",
        "repo": "clipboard-image.nvim",
        "rev": "d1550dc26729b7954f95269952e90471b838fa25",
        "type": "github"
      },
      "original": {
        "owner": "ekickx",
        "repo": "clipboard-image.nvim",
        "type": "github"
      }
    },
    "clipboard-image_2": {
      "flake": false,
      "locked": {
        "lastModified": 1668050116,
        "narHash": "sha256-iXrDb3pSB1NZmvLpSEWwvxOoqyNfR+uXpU9azXQeAVM=",
        "owner": "ekickx",
        "repo": "clipboard-image.nvim",
        "rev": "d1550dc26729b7954f95269952e90471b838fa25",
        "type": "github"
      },
      "original": {
        "owner": "ekickx",
        "repo": "clipboard-image.nvim",
        "type": "github"
      }
    },
    "darwin": {
      "inputs": {
        "nixpkgs": [
          "nixpkgs-unstable"
        ]
      },
      "locked": {
        "lastModified": 1672753581,
        "narHash": "sha256-EIi2tqHoje5cE9WqH23ZghW28NOOWSUM7tcxKE1U9KI=",
        "owner": "lnl7",
        "repo": "nix-darwin",
        "rev": "3db1d870b04b13411f56ab1a50cd32b001f56433",
        "type": "github"
      },
      "original": {
        "owner": "lnl7",
        "repo": "nix-darwin",
        "type": "github"
      }
    },
    "fenix": {
      "inputs": {
        "nixpkgs": [
          "nixpkgs-unstable"
        ],
        "rust-analyzer-src": "rust-analyzer-src"
      },
      "locked": {
        "lastModified": 1672813381,
        "narHash": "sha256-PKt6orRiFO19KFKnOhzK26hbFLtimlRNE2dGwrTEhII=",
        "owner": "nix-community",
        "repo": "fenix",
        "rev": "eb6583fcd626051c4d284f2fb51cd2659a43e7f6",
        "type": "github"
      },
      "original": {
        "owner": "nix-community",
        "repo": "fenix",
        "type": "github"
      }
    },
    "fenix_2": {
      "inputs": {
        "nixpkgs": [
          "pwneovide",
          "pwnvim",
          "nixpkgs"
        ],
        "rust-analyzer-src": "rust-analyzer-src_2"
      },
      "locked": {
        "lastModified": 1672208605,
        "narHash": "sha256-RkgnZ/pmInsjepD/rXsjMjJATAXt6npVlE3bJt+Fq0Q=",
        "owner": "nix-community",
        "repo": "fenix",
        "rev": "8310190b73709f0200fdca818f570623330be716",
        "type": "github"
      },
      "original": {
        "owner": "nix-community",
        "repo": "fenix",
        "type": "github"
      }
    },
    "fenix_3": {
      "inputs": {
        "nixpkgs": [
          "pwnvim",
          "nixpkgs"
        ],
        "rust-analyzer-src": "rust-analyzer-src_3"
      },
      "locked": {
        "lastModified": 1672208605,
        "narHash": "sha256-RkgnZ/pmInsjepD/rXsjMjJATAXt6npVlE3bJt+Fq0Q=",
        "owner": "nix-community",
        "repo": "fenix",
        "rev": "8310190b73709f0200fdca818f570623330be716",
        "type": "github"
      },
      "original": {
        "owner": "nix-community",
        "repo": "fenix",
        "type": "github"
      }
    },
    "flake-utils": {
      "locked": {
        "lastModified": 1638122382,
        "narHash": "sha256-sQzZzAbvKEqN9s0bzWuYmRaA03v40gaJ4+iL1LXjaeI=",
        "owner": "numtide",
        "repo": "flake-utils",
        "rev": "74f7e4319258e287b0f9cb95426c9853b282730b",
        "type": "github"
      },
      "original": {
        "owner": "numtide",
        "repo": "flake-utils",
        "type": "github"
      }
    },
    "flake-utils_10": {
      "locked": {
        "lastModified": 1667395993,
        "narHash": "sha256-nuEHfE/LcWyuSWnS8t12N1wc105Qtau+/OdUAjtQ0rA=",
        "owner": "numtide",
        "repo": "flake-utils",
        "rev": "5aed5285a952e0b949eb3ba02c12fa4fcfef535f",
        "type": "github"
      },
      "original": {
        "owner": "numtide",
        "repo": "flake-utils",
        "type": "github"
      }
    },
    "flake-utils_2": {
      "locked": {
        "lastModified": 1637014545,
        "narHash": "sha256-26IZAc5yzlD9FlDT54io1oqG/bBoyka+FJk5guaX4x4=",
        "owner": "numtide",
        "repo": "flake-utils",
        "rev": "bba5dcc8e0b20ab664967ad83d24d64cb64ec4f4",
        "type": "github"
      },
      "original": {
        "owner": "numtide",
        "repo": "flake-utils",
        "type": "github"
      }
    },
    "flake-utils_3": {
      "locked": {
        "lastModified": 1642700792,
        "narHash": "sha256-XqHrk7hFb+zBvRg6Ghl+AZDq03ov6OshJLiSWOoX5es=",
        "owner": "numtide",
        "repo": "flake-utils",
        "rev": "846b2ae0fc4cc943637d3d1def4454213e203cba",
        "type": "github"
      },
      "original": {
        "owner": "numtide",
        "repo": "flake-utils",
        "type": "github"
      }
    },
    "flake-utils_4": {
      "locked": {
        "lastModified": 1659877975,
        "narHash": "sha256-zllb8aq3YO3h8B/U0/J1WBgAL8EX5yWf5pMj3G0NAmc=",
        "owner": "numtide",
        "repo": "flake-utils",
        "rev": "c0e246b9b83f637f4681389ecabcb2681b4f3af0",
        "type": "github"
      },
      "original": {
        "owner": "numtide",
        "repo": "flake-utils",
        "type": "github"
      }
    },
    "flake-utils_5": {
      "locked": {
        "lastModified": 1659877975,
        "narHash": "sha256-zllb8aq3YO3h8B/U0/J1WBgAL8EX5yWf5pMj3G0NAmc=",
        "owner": "numtide",
        "repo": "flake-utils",
        "rev": "c0e246b9b83f637f4681389ecabcb2681b4f3af0",
        "type": "github"
      },
      "original": {
        "owner": "numtide",
        "repo": "flake-utils",
        "type": "github"
      }
    },
    "flake-utils_6": {
      "locked": {
        "lastModified": 1667395993,
        "narHash": "sha256-nuEHfE/LcWyuSWnS8t12N1wc105Qtau+/OdUAjtQ0rA=",
        "owner": "numtide",
        "repo": "flake-utils",
        "rev": "5aed5285a952e0b949eb3ba02c12fa4fcfef535f",
        "type": "github"
      },
      "original": {
        "owner": "numtide",
        "repo": "flake-utils",
        "type": "github"
      }
    },
    "flake-utils_7": {
      "locked": {
        "lastModified": 1667395993,
        "narHash": "sha256-nuEHfE/LcWyuSWnS8t12N1wc105Qtau+/OdUAjtQ0rA=",
        "owner": "numtide",
        "repo": "flake-utils",
        "rev": "5aed5285a952e0b949eb3ba02c12fa4fcfef535f",
        "type": "github"
      },
      "original": {
        "owner": "numtide",
        "repo": "flake-utils",
        "type": "github"
      }
    },
    "flake-utils_8": {
      "locked": {
        "lastModified": 1659877975,
        "narHash": "sha256-zllb8aq3YO3h8B/U0/J1WBgAL8EX5yWf5pMj3G0NAmc=",
        "owner": "numtide",
        "repo": "flake-utils",
        "rev": "c0e246b9b83f637f4681389ecabcb2681b4f3af0",
        "type": "github"
      },
      "original": {
        "owner": "numtide",
        "repo": "flake-utils",
        "type": "github"
      }
    },
    "flake-utils_9": {
      "locked": {
        "lastModified": 1667395993,
        "narHash": "sha256-nuEHfE/LcWyuSWnS8t12N1wc105Qtau+/OdUAjtQ0rA=",
        "owner": "numtide",
        "repo": "flake-utils",
        "rev": "5aed5285a952e0b949eb3ba02c12fa4fcfef535f",
        "type": "github"
      },
      "original": {
        "owner": "numtide",
        "repo": "flake-utils",
        "type": "github"
      }
    },
    "gitstatus": {
      "flake": false,
      "locked": {
        "lastModified": 1665309487,
        "narHash": "sha256-0Ivqo2LbFL3G+yzzPvfed0PJGpY/Qog1sxDurLEf8Y8=",
        "owner": "romkatv",
        "repo": "gitstatus",
        "rev": "4b47ca047be1d482dbebec7279386a9365b946c6",
        "type": "github"
      },
      "original": {
        "owner": "romkatv",
        "repo": "gitstatus",
        "type": "github"
      }
    },
    "gtm-okr": {
      "inputs": {
        "flake-utils": "flake-utils_3",
        "nixpkgs": [
          "nixpkgs-unstable"
        ]
      },
      "locked": {
        "lastModified": 1644027861,
        "narHash": "sha256-89AR3nKYZ7vr81tB3AtjZY7ZkHHSJfGr6JoWrMS+rRI=",
        "owner": "zmre",
        "repo": "gtm-okr",
        "rev": "af455a22e56eb2642ff4cbc3e5c3bdd0e84c8ed8",
        "type": "github"
      },
      "original": {
        "owner": "zmre",
        "repo": "gtm-okr",
        "type": "github"
      }
    },
    "hackernews-tui": {
      "flake": false,
      "locked": {
        "lastModified": 1665163696,
        "narHash": "sha256-RZWZrXPJ2FIHPR7EluC6cirl8psW9TgAbLEoZGGGa5g=",
        "owner": "aome510",
        "repo": "hackernews-TUI",
        "rev": "9057d6b65203e75014c69bd4e0d56e729c6f9af2",
        "type": "github"
      },
      "original": {
        "owner": "aome510",
        "repo": "hackernews-TUI",
        "type": "github"
      }
    },
    "home-manager": {
      "inputs": {
        "nixpkgs": [
          "nixpkgs-unstable"
        ],
        "utils": "utils"
      },
      "locked": {
        "lastModified": 1672780900,
        "narHash": "sha256-DxuSn6BdkZapIbg76xzYx1KhVPEZeBexMkt1q/sMVPA=",
        "owner": "nix-community",
        "repo": "home-manager",
        "rev": "54245e1820caabd8a0b53ce4d47e4d0fefe04cd4",
        "type": "github"
      },
      "original": {
        "owner": "nix-community",
        "ref": "master",
        "repo": "home-manager",
        "type": "github"
      }
    },
    "ironhide": {
      "inputs": {
        "flake-utils": "flake-utils_4",
        "nixpkgs": "nixpkgs_3",
        "rust-overlay": "rust-overlay_2"
      },
      "locked": {
        "lastModified": 1671038542,
        "narHash": "sha256-XOjLtmoLe/Bcgu7V3keCscM0fseQVBitFywF5/0uSTU=",
        "owner": "IronCoreLabs",
        "repo": "ironhide",
        "rev": "ceee606ee6f529e3c6079f60dbf9b177d5f45dc4",
        "type": "github"
      },
      "original": {
        "owner": "IronCoreLabs",
        "ref": "1.0.5",
        "repo": "ironhide",
        "type": "github"
      }
    },
    "naersk": {
      "inputs": {
        "nixpkgs": "nixpkgs"
      },
      "locked": {
        "lastModified": 1639731602,
        "narHash": "sha256-5u/J/7KrY/fYL/OeBLxP4E9NdNdQrriHpOyPBleKp5I=",
        "owner": "nix-community",
        "repo": "naersk",
        "rev": "5415c7045366bb53db1a33cf7d975942b5553a28",
        "type": "github"
      },
      "original": {
        "owner": "nix-community",
        "repo": "naersk",
        "type": "github"
      }
    },
    "nixos-hardware": {
      "locked": {
        "lastModified": 1672644464,
        "narHash": "sha256-RYlvRMcQNT7FDoDkViijQBHg9g+blsB+U6AvL/gAsPI=",
        "owner": "NixOS",
        "repo": "nixos-hardware",
        "rev": "ca29e25c39b8e117d4d76a81f1e229824a9b3a26",
        "type": "github"
      },
      "original": {
        "owner": "NixOS",
        "ref": "master",
        "repo": "nixos-hardware",
        "type": "github"
      }
    },
    "nixpkgs": {
      "locked": {
        "lastModified": 1639713555,
        "narHash": "sha256-w1TacWjnqhC19n+rheyOif3JxwvWMbyxfgqYCY0FLdQ=",
        "owner": "NixOS",
        "repo": "nixpkgs",
        "rev": "45a3f9d7725c7e21b252c223676cc56fb2ed5d6d",
        "type": "github"
      },
      "original": {
        "id": "nixpkgs",
        "type": "indirect"
      }
    },
    "nixpkgs-stable": {
      "locked": {
        "lastModified": 1672781980,
        "narHash": "sha256-L+yqt2szcp+BFiWoMJCisDsNA5OrpYVW1QSbbS5U8RU=",
        "owner": "nixos",
        "repo": "nixpkgs",
        "rev": "a9eedea7232f5d00f0aca7267efb69a54da1b8a1",
        "type": "github"
      },
      "original": {
        "owner": "nixos",
        "ref": "nixos-22.11",
        "repo": "nixpkgs",
        "type": "github"
      }
    },
    "nixpkgs-unstable": {
      "locked": {
        "lastModified": 1672617983,
        "narHash": "sha256-68WDiCBs631mbDDk4UAKdGURKcsfW6hjb7wgudTAe5o=",
        "owner": "nixos",
        "repo": "nixpkgs",
        "rev": "0fc9fca9c8d43edd79d33fea0dd8409d7c4580f4",
        "type": "github"
      },
      "original": {
        "owner": "nixos",
        "ref": "nixos-unstable",
        "repo": "nixpkgs",
        "type": "github"
      }
    },
    "nixpkgs_2": {
      "locked": {
        "lastModified": 1637453606,
        "narHash": "sha256-Gy6cwUswft9xqsjWxFYEnx/63/qzaFUwatcbV5GF/GQ=",
        "owner": "NixOS",
        "repo": "nixpkgs",
        "rev": "8afc4e543663ca0a6a4f496262cd05233737e732",
        "type": "github"
      },
      "original": {
        "owner": "NixOS",
        "ref": "nixpkgs-unstable",
        "repo": "nixpkgs",
        "type": "github"
      }
    },
    "nixpkgs_3": {
      "locked": {
        "lastModified": 1666792786,
        "narHash": "sha256-uG81j5Axyps2IjedvlmRbWhCCUXOAI4wNpH3O0dVG0s=",
        "owner": "nixos",
        "repo": "nixpkgs",
        "rev": "5bdb380ee7fa036d47b19e9d854928f4881c50a1",
        "type": "github"
      },
      "original": {
        "owner": "nixos",
        "ref": "nixos-unstable",
        "repo": "nixpkgs",
        "type": "github"
      }
    },
    "nixpkgs_4": {
      "locked": {
        "lastModified": 1665296151,
        "narHash": "sha256-uOB0oxqxN9K7XGF1hcnY+PQnlQJ+3bP2vCn/+Ru/bbc=",
        "owner": "NixOS",
        "repo": "nixpkgs",
        "rev": "14ccaaedd95a488dd7ae142757884d8e125b3363",
        "type": "github"
      },
      "original": {
        "owner": "NixOS",
        "ref": "nixpkgs-unstable",
        "repo": "nixpkgs",
        "type": "github"
      }
    },
    "nixpkgs_5": {
      "locked": {
        "lastModified": 1672617983,
        "narHash": "sha256-68WDiCBs631mbDDk4UAKdGURKcsfW6hjb7wgudTAe5o=",
        "owner": "nixos",
        "repo": "nixpkgs",
        "rev": "0fc9fca9c8d43edd79d33fea0dd8409d7c4580f4",
        "type": "github"
      },
      "original": {
        "owner": "nixos",
        "ref": "nixos-unstable",
        "repo": "nixpkgs",
        "type": "github"
      }
    },
    "nixpkgs_6": {
      "locked": {
        "lastModified": 1672756850,
        "narHash": "sha256-Smbq3+fitwA13qsTMeaaurv09/KVbZfW7m7lINwzDGA=",
        "owner": "nixos",
        "repo": "nixpkgs",
        "rev": "298add347c2bbce14020fcb54051f517c391196b",
        "type": "github"
      },
      "original": {
        "owner": "nixos",
        "ref": "nixpkgs-unstable",
        "repo": "nixpkgs",
        "type": "github"
      }
    },
    "nixpkgs_7": {
      "locked": {
        "lastModified": 1672249180,
        "narHash": "sha256-ipos/gTMHqxS39asqNWEJZ7nXdcTHa0TB0AIZXkGapg=",
        "owner": "nixos",
        "repo": "nixpkgs",
        "rev": "e58a7747db96c23b8a977e7c1bbfc5753b81b6fa",
        "type": "github"
      },
      "original": {
        "owner": "nixos",
        "ref": "nixpkgs-unstable",
        "repo": "nixpkgs",
        "type": "github"
      }
    },
    "nixpkgs_8": {
      "locked": {
        "lastModified": 1672756850,
        "narHash": "sha256-Smbq3+fitwA13qsTMeaaurv09/KVbZfW7m7lINwzDGA=",
        "owner": "NixOS",
        "repo": "nixpkgs",
        "rev": "298add347c2bbce14020fcb54051f517c391196b",
        "type": "github"
      },
      "original": {
        "id": "nixpkgs",
        "type": "indirect"
      }
    },
    "nur": {
      "locked": {
        "lastModified": 1672884442,
        "narHash": "sha256-yg51pe36sstUG1epTcpx9VmqT0h8TU7ol8KQyOu3hHU=",
        "owner": "nix-community",
        "repo": "NUR",
        "rev": "e8cd9c8f50ea87a03ead34baa873e38a858bab23",
        "type": "github"
      },
      "original": {
        "owner": "nix-community",
        "repo": "NUR",
        "type": "github"
      }
    },
    "powerlevel10k": {
      "flake": false,
      "locked": {
        "lastModified": 1671202339,
        "narHash": "sha256-Te8+ci84XoDiSzx+LXGiBCGCARh/jEQmh8Vmoy2MmWo=",
        "owner": "romkatv",
        "repo": "powerlevel10k",
        "rev": "33916e91a743a73472a15f3fc27dd0aa9f7abbdf",
        "type": "github"
      },
      "original": {
        "owner": "romkatv",
        "repo": "powerlevel10k",
        "type": "github"
      }
    },
    "pwneovide": {
      "inputs": {
        "flake-utils": "flake-utils_6",
        "nixpkgs": "nixpkgs_6",
        "pwnvim": "pwnvim",
        "rust-overlay": "rust-overlay_3"
      },
      "locked": {
        "lastModified": 1672897137,
        "narHash": "sha256-H1xI7F/dQGc78qI8eaREYOzqibaXBXruR1ddoOgWOZY=",
        "owner": "zmre",
        "repo": "pwneovide",
        "rev": "3a5f06b320eae39353781677cdd7a771c32a0524",
        "type": "github"
      },
      "original": {
        "owner": "zmre",
        "repo": "pwneovide",
        "type": "github"
      }
    },
    "pwnvim": {
      "inputs": {
        "clipboard-image": "clipboard-image",
        "fenix": "fenix_2",
        "flake-utils": "flake-utils_7",
        "nixpkgs": [
          "pwneovide",
          "nixpkgs"
        ]
      },
      "locked": {
        "lastModified": 1672897096,
        "narHash": "sha256-rN7iwihTthOzmFI4/1WfClYDcwvUv0Hwoove2+WLNiM=",
        "owner": "zmre",
        "repo": "pwnvim",
        "rev": "f591706cf6787fc7279b7058b35fe00cd41eb1da",
        "type": "github"
      },
      "original": {
        "owner": "zmre",
        "repo": "pwnvim",
        "type": "github"
      }
    },
    "pwnvim_2": {
      "inputs": {
        "clipboard-image": "clipboard-image_2",
        "fenix": "fenix_3",
        "flake-utils": "flake-utils_9",
        "nixpkgs": "nixpkgs_7"
      },
      "locked": {
        "lastModified": 1672897096,
        "narHash": "sha256-rN7iwihTthOzmFI4/1WfClYDcwvUv0Hwoove2+WLNiM=",
        "owner": "zmre",
        "repo": "pwnvim",
        "rev": "f591706cf6787fc7279b7058b35fe00cd41eb1da",
        "type": "github"
      },
      "original": {
        "owner": "zmre",
        "repo": "pwnvim",
        "type": "github"
      }
    },
    "root": {
      "inputs": {
        "babble-cli": "babble-cli",
        "darwin": "darwin",
        "fenix": "fenix",
        "gitstatus": "gitstatus",
        "gtm-okr": "gtm-okr",
        "hackernews-tui": "hackernews-tui",
        "home-manager": "home-manager",
        "ironhide": "ironhide",
        "nixos-hardware": "nixos-hardware",
        "nixpkgs": "nixpkgs_5",
        "nixpkgs-stable": "nixpkgs-stable",
        "nixpkgs-unstable": "nixpkgs-unstable",
        "nur": "nur",
        "powerlevel10k": "powerlevel10k",
        "pwneovide": "pwneovide",
        "pwnvim": "pwnvim_2",
        "sbhosts": "sbhosts"
      }
    },
    "rust-analyzer-src": {
      "flake": false,
      "locked": {
        "lastModified": 1672757238,
        "narHash": "sha256-BK1njXsjprMT0f+1aQYmZ/ueN9D3Y3wrz9gw4UvieRQ=",
        "owner": "rust-lang",
        "repo": "rust-analyzer",
        "rev": "a97c71f92d574cb5104e3e1246eb9038d1a214a2",
        "type": "github"
      },
      "original": {
        "owner": "rust-lang",
        "ref": "nightly",
        "repo": "rust-analyzer",
        "type": "github"
      }
    },
    "rust-analyzer-src_2": {
      "flake": false,
      "locked": {
        "lastModified": 1672170363,
        "narHash": "sha256-L2GkQGoKzYzmfa4OouCieT0zl2gxymsf/e/lnLoCQQU=",
        "owner": "rust-lang",
        "repo": "rust-analyzer",
        "rev": "3033c3ddbfcb0e42084ada8931e88d11eb98dee4",
        "type": "github"
      },
      "original": {
        "owner": "rust-lang",
        "ref": "nightly",
        "repo": "rust-analyzer",
        "type": "github"
      }
    },
    "rust-analyzer-src_3": {
      "flake": false,
      "locked": {
        "lastModified": 1672170363,
        "narHash": "sha256-L2GkQGoKzYzmfa4OouCieT0zl2gxymsf/e/lnLoCQQU=",
        "owner": "rust-lang",
        "repo": "rust-analyzer",
        "rev": "3033c3ddbfcb0e42084ada8931e88d11eb98dee4",
        "type": "github"
      },
      "original": {
        "owner": "rust-lang",
        "ref": "nightly",
        "repo": "rust-analyzer",
        "type": "github"
      }
    },
    "rust-overlay": {
      "inputs": {
        "flake-utils": "flake-utils_2",
        "nixpkgs": "nixpkgs_2"
      },
      "locked": {
        "lastModified": 1639793998,
        "narHash": "sha256-Ww65g8/DqGkBZEiPMLRoI0oDJ7EvYbqzCMoPkIDSz+E=",
        "owner": "oxalica",
        "repo": "rust-overlay",
        "rev": "739c6206ed1a63440c8e23e1df7d8a3714ae4939",
        "type": "github"
      },
      "original": {
        "owner": "oxalica",
        "repo": "rust-overlay",
        "type": "github"
      }
    },
    "rust-overlay_2": {
      "inputs": {
        "flake-utils": "flake-utils_5",
        "nixpkgs": "nixpkgs_4"
      },
      "locked": {
        "lastModified": 1666839029,
        "narHash": "sha256-gmSmf3bDS9oR4OHsvKHEErqje228XXP22uKIQWZj4Jo=",
        "owner": "oxalica",
        "repo": "rust-overlay",
        "rev": "c095030cf6c84e304f867ad066d8d5b051131af5",
        "type": "github"
      },
      "original": {
        "owner": "oxalica",
        "repo": "rust-overlay",
        "type": "github"
      }
    },
    "rust-overlay_3": {
      "inputs": {
        "flake-utils": "flake-utils_8",
        "nixpkgs": [
          "pwneovide",
          "nixpkgs"
        ]
      },
      "locked": {
        "lastModified": 1672885572,
        "narHash": "sha256-+VHU1lVXZM8DHuUrTvE4t/2i/ACwCd/ksMHA5pswGt4=",
        "owner": "oxalica",
        "repo": "rust-overlay",
        "rev": "1be785a7a3e9f3ac669d80befbe671cf96f6aae4",
        "type": "github"
      },
      "original": {
        "owner": "oxalica",
        "repo": "rust-overlay",
        "type": "github"
      }
    },
    "sbhosts": {
      "inputs": {
        "flake-utils": "flake-utils_10",
        "nixpkgs": "nixpkgs_8"
      },
      "locked": {
        "lastModified": 1672604194,
        "narHash": "sha256-BRAitGAtzk4gGDZ7+K3FBS81D/8cwkVLRQkccMBhBLQ=",
        "owner": "StevenBlack",
        "repo": "hosts",
        "rev": "f91285ebe73d82b48875aee2fcd06c20f4566e12",
        "type": "github"
      },
      "original": {
        "owner": "StevenBlack",
        "repo": "hosts",
        "type": "github"
      }
    },
    "utils": {
      "locked": {
        "lastModified": 1667395993,
        "narHash": "sha256-nuEHfE/LcWyuSWnS8t12N1wc105Qtau+/OdUAjtQ0rA=",
        "owner": "numtide",
        "repo": "flake-utils",
        "rev": "5aed5285a952e0b949eb3ba02c12fa4fcfef535f",
        "type": "github"
      },
      "original": {
        "owner": "numtide",
        "repo": "flake-utils",
        "type": "github"
      }
    }
  },
  "root": "root",
  "version": 7
}
